// !$*UTF8*$!
{
	archiveVersion = 1;
	classes = {
	};
	objectVersion = 46;
	objects = {

/* Begin PBXBuildFile section */
		3FE21F27193E398B00D51064 /* AppDelegate.swift in Sources */ = {isa = PBXBuildFile; fileRef = 3FE21F26193E398B00D51064 /* AppDelegate.swift */; };
		3FE21F29193E398B00D51064 /* ViewController.swift in Sources */ = {isa = PBXBuildFile; fileRef = 3FE21F28193E398B00D51064 /* ViewController.swift */; };
		3FE21F2C193E398B00D51064 /* Main.storyboard in Resources */ = {isa = PBXBuildFile; fileRef = 3FE21F2A193E398B00D51064 /* Main.storyboard */; };
		3FE21F2E193E398B00D51064 /* Images.xcassets in Resources */ = {isa = PBXBuildFile; fileRef = 3FE21F2D193E398B00D51064 /* Images.xcassets */; };
		3FE21F3A193E398B00D51064 /* swiftAnimationTests.swift in Sources */ = {isa = PBXBuildFile; fileRef = 3FE21F39193E398B00D51064 /* swiftAnimationTests.swift */; };
/* End PBXBuildFile section */

/* Begin PBXContainerItemProxy section */
		3FE21F34193E398B00D51064 /* PBXContainerItemProxy */ = {
			isa = PBXContainerItemProxy;
			containerPortal = 3FE21F19193E398B00D51064 /* Project object */;
			proxyType = 1;
			remoteGlobalIDString = 3FE21F20193E398B00D51064;
			remoteInfo = swiftAnimation;
		};
/* End PBXContainerItemProxy section */

/* Begin PBXFileReference section */
		3FE21F21193E398B00D51064 /* swiftAnimation.app */ = {isa = PBXFileReference; explicitFileType = wrapper.application; includeInIndex = 0; path = swiftAnimation.app; sourceTree = BUILT_PRODUCTS_DIR; };
		3FE21F25193E398B00D51064 /* Info.plist */ = {isa = PBXFileReference; lastKnownFileType = text.plist.xml; path = Info.plist; sourceTree = "<group>"; };
		3FE21F26193E398B00D51064 /* AppDelegate.swift */ = {isa = PBXFileReference; lastKnownFileType = sourcecode.swift; path = AppDelegate.swift; sourceTree = "<group>"; };
		3FE21F28193E398B00D51064 /* ViewController.swift */ = {isa = PBXFileReference; lastKnownFileType = sourcecode.swift; path = ViewController.swift; sourceTree = "<group>"; };
		3FE21F2B193E398B00D51064 /* Base */ = {isa = PBXFileReference; lastKnownFileType = file.storyboard; name = Base; path = Base.lproj/Main.storyboard; sourceTree = "<group>"; };
		3FE21F2D193E398B00D51064 /* Images.xcassets */ = {isa = PBXFileReference; lastKnownFileType = folder.assetcatalog; path = Images.xcassets; sourceTree = "<group>"; };
		3FE21F33193E398B00D51064 /* swiftAnimationTests.xctest */ = {isa = PBXFileReference; explicitFileType = wrapper.cfbundle; includeInIndex = 0; path = swiftAnimationTests.xctest; sourceTree = BUILT_PRODUCTS_DIR; };
		3FE21F38193E398B00D51064 /* Info.plist */ = {isa = PBXFileReference; lastKnownFileType = text.plist.xml; path = Info.plist; sourceTree = "<group>"; };
		3FE21F39193E398B00D51064 /* swiftAnimationTests.swift */ = {isa = PBXFileReference; lastKnownFileType = sourcecode.swift; path = swiftAnimationTests.swift; sourceTree = "<group>"; };
/* End PBXFileReference section */

/* Begin PBXFrameworksBuildPhase section */
		3FE21F1E193E398B00D51064 /* Frameworks */ = {
			isa = PBXFrameworksBuildPhase;
			buildActionMask = 2147483647;
			files = (
			);
			runOnlyForDeploymentPostprocessing = 0;
		};
		3FE21F30193E398B00D51064 /* Frameworks */ = {
			isa = PBXFrameworksBuildPhase;
			buildActionMask = 2147483647;
			files = (
			);
			runOnlyForDeploymentPostprocessing = 0;
		};
/* End PBXFrameworksBuildPhase section */

/* Begin PBXGroup section */
		3FE21F18193E398B00D51064 = {
			isa = PBXGroup;
			children = (
				3FE21F23193E398B00D51064 /* swiftAnimation */,
				3FE21F36193E398B00D51064 /* swiftAnimationTests */,
				3FE21F22193E398B00D51064 /* Products */,
			);
			sourceTree = "<group>";
		};
		3FE21F22193E398B00D51064 /* Products */ = {
			isa = PBXGroup;
			children = (
				3FE21F21193E398B00D51064 /* swiftAnimation.app */,
				3FE21F33193E398B00D51064 /* swiftAnimationTests.xctest */,
			);
			name = Products;
			sourceTree = "<group>";
		};
		3FE21F23193E398B00D51064 /* swiftAnimation */ = {
			isa = PBXGroup;
			children = (
				3FE21F26193E398B00D51064 /* AppDelegate.swift */,
				3FE21F28193E398B00D51064 /* ViewController.swift */,
				3FE21F2A193E398B00D51064 /* Main.storyboard */,
				3FE21F2D193E398B00D51064 /* Images.xcassets */,
				3FE21F24193E398B00D51064 /* Supporting Files */,
			);
			path = swiftAnimation;
			sourceTree = "<group>";
		};
		3FE21F24193E398B00D51064 /* Supporting Files */ = {
			isa = PBXGroup;
			children = (
				3FE21F25193E398B00D51064 /* Info.plist */,
			);
			name = "Supporting Files";
			sourceTree = "<group>";
		};
		3FE21F36193E398B00D51064 /* swiftAnimationTests */ = {
			isa = PBXGroup;
			children = (
				3FE21F39193E398B00D51064 /* swiftAnimationTests.swift */,
				3FE21F37193E398B00D51064 /* Supporting Files */,
			);
			path = swiftAnimationTests;
			sourceTree = "<group>";
		};
		3FE21F37193E398B00D51064 /* Supporting Files */ = {
			isa = PBXGroup;
			children = (
				3FE21F38193E398B00D51064 /* Info.plist */,
			);
			name = "Supporting Files";
			sourceTree = "<group>";
		};
/* End PBXGroup section */

/* Begin PBXNativeTarget section */
		3FE21F20193E398B00D51064 /* swiftAnimation */ = {
			isa = PBXNativeTarget;
			buildConfigurationList = 3FE21F3D193E398B00D51064 /* Build configuration list for PBXNativeTarget "swiftAnimation" */;
			buildPhases = (
				3FE21F1D193E398B00D51064 /* Sources */,
				3FE21F1E193E398B00D51064 /* Frameworks */,
				3FE21F1F193E398B00D51064 /* Resources */,
			);
			buildRules = (
			);
			dependencies = (
			);
			name = swiftAnimation;
			productName = swiftAnimation;
			productReference = 3FE21F21193E398B00D51064 /* swiftAnimation.app */;
			productType = "com.apple.product-type.application";
		};
		3FE21F32193E398B00D51064 /* swiftAnimationTests */ = {
			isa = PBXNativeTarget;
			buildConfigurationList = 3FE21F40193E398B00D51064 /* Build configuration list for PBXNativeTarget "swiftAnimationTests" */;
			buildPhases = (
				3FE21F2F193E398B00D51064 /* Sources */,
				3FE21F30193E398B00D51064 /* Frameworks */,
				3FE21F31193E398B00D51064 /* Resources */,
			);
			buildRules = (
			);
			dependencies = (
				3FE21F35193E398B00D51064 /* PBXTargetDependency */,
			);
			name = swiftAnimationTests;
			productName = swiftAnimationTests;
			productReference = 3FE21F33193E398B00D51064 /* swiftAnimationTests.xctest */;
			productType = "com.apple.product-type.bundle.unit-test";
		};
/* End PBXNativeTarget section */

/* Begin PBXProject section */
		3FE21F19193E398B00D51064 /* Project object */ = {
			isa = PBXProject;
			attributes = {
				LastUpgradeCheck = 0600;
				ORGANIZATIONNAME = "Jacob Holman";
				TargetAttributes = {
					3FE21F20193E398B00D51064 = {
						CreatedOnToolsVersion = 6.0;
					};
					3FE21F32193E398B00D51064 = {
						CreatedOnToolsVersion = 6.0;
						TestTargetID = 3FE21F20193E398B00D51064;
					};
				};
			};
			buildConfigurationList = 3FE21F1C193E398B00D51064 /* Build configuration list for PBXProject "swiftAnimation" */;
			compatibilityVersion = "Xcode 3.2";
			developmentRegion = English;
			hasScannedForEncodings = 0;
			knownRegions = (
				en,
				Base,
			);
			mainGroup = 3FE21F18193E398B00D51064;
			productRefGroup = 3FE21F22193E398B00D51064 /* Products */;
			projectDirPath = "";
			projectRoot = "";
			targets = (
				3FE21F20193E398B00D51064 /* swiftAnimation */,
				3FE21F32193E398B00D51064 /* swiftAnimationTests */,
			);
		};
/* End PBXProject section */

/* Begin PBXResourcesBuildPhase section */
		3FE21F1F193E398B00D51064 /* Resources */ = {
			isa = PBXResourcesBuildPhase;
			buildActionMask = 2147483647;
			files = (
				3FE21F2C193E398B00D51064 /* Main.storyboard in Resources */,
				3FE21F2E193E398B00D51064 /* Images.xcassets in Resources */,
			);
			runOnlyForDeploymentPostprocessing = 0;
		};
		3FE21F31193E398B00D51064 /* Resources */ = {
			isa = PBXResourcesBuildPhase;
			buildActionMask = 2147483647;
			files = (
			);
			runOnlyForDeploymentPostprocessing = 0;
		};
/* End PBXResourcesBuildPhase section */

/* Begin PBXSourcesBuildPhase section */
		3FE21F1D193E398B00D51064 /* Sources */ = {
			isa = PBXSourcesBuildPhase;
			buildActionMask = 2147483647;
			files = (
				3FE21F29193E398B00D51064 /* ViewController.swift in Sources */,
				3FE21F27193E398B00D51064 /* AppDelegate.swift in Sources */,
			);
			runOnlyForDeploymentPostprocessing = 0;
		};
		3FE21F2F193E398B00D51064 /* Sources */ = {
			isa = PBXSourcesBuildPhase;
			buildActionMask = 2147483647;
			files = (
				3FE21F3A193E398B00D51064 /* swiftAnimationTests.swift in Sources */,
			);
			runOnlyForDeploymentPostprocessing = 0;
		};
/* End PBXSourcesBuildPhase section */

/* Begin PBXTargetDependency section */
		3FE21F35193E398B00D51064 /* PBXTargetDependency */ = {
			isa = PBXTargetDependency;
			target = 3FE21F20193E398B00D51064 /* swiftAnimation */;
			targetProxy = 3FE21F34193E398B00D51064 /* PBXContainerItemProxy */;
		};
/* End PBXTargetDependency section */

/* Begin PBXVariantGroup section */
		3FE21F2A193E398B00D51064 /* Main.storyboard */ = {
			isa = PBXVariantGroup;
			children = (
				3FE21F2B193E398B00D51064 /* Base */,
			);
			name = Main.storyboard;
			sourceTree = "<group>";
		};
/* End PBXVariantGroup section */

/* Begin XCBuildConfiguration section */
		3FE21F3B193E398B00D51064 /* Debug */ = {
			isa = XCBuildConfiguration;
			buildSettings = {
				ALWAYS_SEARCH_USER_PATHS = NO;
				CLANG_CXX_LANGUAGE_STANDARD = "gnu++0x";
				CLANG_CXX_LIBRARY = "libc++";
				CLANG_ENABLE_MODULES = YES;
				CLANG_ENABLE_OBJC_ARC = YES;
				CLANG_WARN_BOOL_CONVERSION = YES;
				CLANG_WARN_CONSTANT_CONVERSION = YES;
				CLANG_WARN_DIRECT_OBJC_ISA_USAGE = YES_ERROR;
				CLANG_WARN_EMPTY_BODY = YES;
				CLANG_WARN_ENUM_CONVERSION = YES;
				CLANG_WARN_INT_CONVERSION = YES;
				CLANG_WARN_OBJC_ROOT_CLASS = YES_ERROR;
				CLANG_WARN_UNREACHABLE_CODE = YES;
				CLANG_WARN__DUPLICATE_METHOD_MATCH = YES;
				"CODE_SIGN_IDENTITY[sdk=iphoneos*]" = "iPhone Developer";
				COPY_PHASE_STRIP = NO;
				ENABLE_STRICT_OBJC_MSGSEND = YES;
				GCC_C_LANGUAGE_STANDARD = gnu99;
				GCC_DYNAMIC_NO_PIC = NO;
				GCC_OPTIMIZATION_LEVEL = 0;
				GCC_PREPROCESSOR_DEFINITIONS = (
					"DEBUG=1",
					"$(inherited)",
				);
				GCC_SYMBOLS_PRIVATE_EXTERN = NO;
				GCC_WARN_64_TO_32_BIT_CONVERSION = YES;
				GCC_WARN_ABOUT_RETURN_TYPE = YES_ERROR;
				GCC_WARN_UNDECLARED_SELECTOR = YES;
				GCC_WARN_UNINITIALIZED_AUTOS = YES_AGGRESSIVE;
				GCC_WARN_UNUSED_FUNCTION = YES;
				GCC_WARN_UNUSED_VARIABLE = YES;
				IPHONEOS_DEPLOYMENT_TARGET = 8.0;
				METAL_ENABLE_DEBUG_INFO = YES;
				ONLY_ACTIVE_ARCH = YES;
				SDKROOT = iphoneos;
				SWIFT_OPTIMIZATION_LEVEL = "-Onone";
			};
			name = Debug;
		};
		3FE21F3C193E398B00D51064 /* Release */ = {
			isa = XCBuildConfiguration;
			buildSettings = {
				ALWAYS_SEARCH_USER_PATHS = NO;
				CLANG_CXX_LANGUAGE_STANDARD = "gnu++0x";
				CLANG_CXX_LIBRARY = "libc++";
				CLANG_ENABLE_MODULES = YES;
				CLANG_ENABLE_OBJC_ARC = YES;
				CLANG_WARN_BOOL_CONVERSION = YES;
				CLANG_WARN_CONSTANT_CONVERSION = YES;
				CLANG_WARN_DIRECT_OBJC_ISA_USAGE = YES_ERROR;
				CLANG_WARN_EMPTY_BODY = YES;
				CLANG_WARN_ENUM_CONVERSION = YES;
				CLANG_WARN_INT_CONVERSION = YES;
				CLANG_WARN_OBJC_ROOT_CLASS = YES_ERROR;
				CLANG_WARN_UNREACHABLE_CODE = YES;
				CLANG_WARN__DUPLICATE_METHOD_MATCH = YES;
				"CODE_SIGN_IDENTITY[sdk=iphoneos*]" = "iPhone Developer";
				COPY_PHASE_STRIP = YES;
				ENABLE_NS_ASSERTIONS = NO;
				ENABLE_STRICT_OBJC_MSGSEND = YES;
				GCC_C_LANGUAGE_STANDARD = gnu99;
				GCC_WARN_64_TO_32_BIT_CONVERSION = YES;
				GCC_WARN_ABOUT_RETURN_TYPE = YES_ERROR;
				GCC_WARN_UNDECLARED_SELECTOR = YES;
				GCC_WARN_UNINITIALIZED_AUTOS = YES_AGGRESSIVE;
				GCC_WARN_UNUSED_FUNCTION = YES;
				GCC_WARN_UNUSED_VARIABLE = YES;
				IPHONEOS_DEPLOYMENT_TARGET = 8.0;
				METAL_ENABLE_DEBUG_INFO = NO;
				SDKROOT = iphoneos;
				VALIDATE_PRODUCT = YES;
			};
			name = Release;
		};
		3FE21F3E193E398B00D51064 /* Debug */ = {
			isa = XCBuildConfiguration;
			buildSettings = {
				ASSETCATALOG_COMPILER_APPICON_NAME = AppIcon;
				ASSETCATALOG_COMPILER_LAUNCHIMAGE_NAME = LaunchImage;
				INFOPLIST_FILE = swiftAnimation/Info.plist;
				LD_RUNPATH_SEARCH_PATHS = "$(inherited) @executable_path/Frameworks";
				PRODUCT_NAME = "$(TARGET_NAME)";
			};
			name = Debug;
		};
		3FE21F3F193E398B00D51064 /* Release */ = {
			isa = XCBuildConfiguration;
			buildSettings = {
				ASSETCATALOG_COMPILER_APPICON_NAME = AppIcon;
				ASSETCATALOG_COMPILER_LAUNCHIMAGE_NAME = LaunchImage;
				INFOPLIST_FILE = swiftAnimation/Info.plist;
				LD_RUNPATH_SEARCH_PATHS = "$(inherited) @executable_path/Frameworks";
				PRODUCT_NAME = "$(TARGET_NAME)";
			};
			name = Release;
		};
		3FE21F41193E398B00D51064 /* Debug */ = {
			isa = XCBuildConfiguration;
			buildSettings = {
				BUNDLE_LOADER = "$(BUILT_PRODUCTS_DIR)/swiftAnimation.app/swiftAnimation";
				FRAMEWORK_SEARCH_PATHS = (
					"$(SDKROOT)/Developer/Library/Frameworks",
					"$(inherited)",
				);
				GCC_PREPROCESSOR_DEFINITIONS = (
					"DEBUG=1",
					"$(inherited)",
				);
				INFOPLIST_FILE = swiftAnimationTests/Info.plist;
				LD_RUNPATH_SEARCH_PATHS = "$(inherited) @executable_path/Frameworks @loader_path/Frameworks";
				METAL_ENABLE_DEBUG_INFO = YES;
				PRODUCT_NAME = "$(TARGET_NAME)";
				TEST_HOST = "$(BUNDLE_LOADER)";
			};
			name = Debug;
		};
		3FE21F42193E398B00D51064 /* Release */ = {
			isa = XCBuildConfiguration;
			buildSettings = {
				BUNDLE_LOADER = "$(BUILT_PRODUCTS_DIR)/swiftAnimation.app/swiftAnimation";
				FRAMEWORK_SEARCH_PATHS = (
					"$(SDKROOT)/Developer/Library/Frameworks",
					"$(inherited)",
				);
				INFOPLIST_FILE = swiftAnimationTests/Info.plist;
				LD_RUNPATH_SEARCH_PATHS = "$(inherited) @executable_path/Frameworks @loader_path/Frameworks";
				METAL_ENABLE_DEBUG_INFO = NO;
				PRODUCT_NAME = "$(TARGET_NAME)";
				TEST_HOST = "$(BUNDLE_LOADER)";
			};
			name = Release;
		};
/* End XCBuildConfiguration section */

/* Begin XCConfigurationList section */
		3FE21F1C193E398B00D51064 /* Build configuration list for PBXProject "swiftAnimation" */ = {
			isa = XCConfigurationList;
			buildConfigurations = (
				3FE21F3B193E398B00D51064 /* Debug */,
				3FE21F3C193E398B00D51064 /* Release */,
			);
			defaultConfigurationIsVisible = 0;
			defaultConfigurationName = Release;
		};
		3FE21F3D193E398B00D51064 /* Build configuration list for PBXNativeTarget "swiftAnimation" */ = {
			isa = XCConfigurationList;
			buildConfigurations = (
				3FE21F3E193E398B00D51064 /* Debug */,
				3FE21F3F193E398B00D51064 /* Release */,
			);
			defaultConfigurationIsVisible = 0;
		};
		3FE21F40193E398B00D51064 /* Build configuration list for PBXNativeTarget "swiftAnimationTests" */ = {
			isa = XCConfigurationList;
			buildConfigurations = (
				3FE21F41193E398B00D51064 /* Debug */,
				3FE21F42193E398B00D51064 /* Release */,
			);
			defaultConfigurationIsVisible = 0;
		};
/* End XCConfigurationList section */
	};
	rootObject = 3FE21F19193E398B00D51064 /* Project object */;
}
